
Microsoft Visual Studio Solution File, Format Version 12.00
# Visual Studio Version 17
VisualStudioVersion = 17.7.34221.43
MinimumVisualStudioVersion = 10.0.40219.1
Project("{FAE04EC0-301F-11D3-BF4B-00C04F79EFBC}") = "Cari", "Cari.csproj", "{A273136D-3D0C-465B-9EF1-5AD3EF5EC18D}"
EndProject
Global
	GlobalSection(SolutionConfigurationPlatforms) = preSolution
		Debug|Any CPU = Debug|Any CPU
		Release|Any CPU = Release|Any CPU
	EndGlobalSection
	GlobalSection(ProjectConfigurationPlatforms) = postSolution
		{A273136D-3D0C-465B-9EF1-5AD3EF5EC18D}.Debug|Any CPU.ActiveCfg = Debug|Any CPU
		{A273136D-3D0C-465B-9EF1-5AD3EF5EC18D}.Debug|Any CPU.Build.0 = Debug|Any CPU
		{A273136D-3D0C-465B-9EF1-5AD3EF5EC18D}.Release|Any CPU.ActiveCfg = Release|Any CPU
		{A273136D-3D0C-465B-9EF1-5AD3EF5EC18D}.Release|Any CPU.Build.0 = Release|Any CPU
	EndGlobalSection
	GlobalSection(SolutionProperties) = preSolution
		HideSolutionNode = FALSE
	EndGlobalSection
	GlobalSection(ExtensibilityGlobals) = postSolution
		SolutionGuid = {8A02C80E-DE8A-46AF-9B55-D0536E2B0258}
	EndGlobalSection
EndGlobal
